
Microsoft Visual Studio Solution File, Format Version 12.00
# Visual Studio Version 17
VisualStudioVersion = 17.14.36717.8 d17.14
MinimumVisualStudioVersion = 10.0.40219.1
Project("{8BC9CEB8-8B4A-11D0-8D11-00A0C91BC942}") = "Dominio", "Dominio\Dominio.vcxproj", "{3AC056B2-7FA4-46F0-80F3-83C81496B062}"
EndProject
Project("{8BC9CEB8-8B4A-11D0-8D11-00A0C91BC942}") = "Infra", "Infra\Infra.vcxproj", "{AEAE5826-C5B4-40E7-8E28-B9AA22B0B323}"
EndProject
Project("{8BC9CEB8-8B4A-11D0-8D11-00A0C91BC942}") = "Servicos", "Servicos\Servicos.vcxproj", "{A92F150D-43EE-45EB-8F32-67CC758BEA06}"
EndProject
Project("{8BC9CEB8-8B4A-11D0-8D11-00A0C91BC942}") = "App", "App\App.vcxproj", "{F463C5BE-8CF8-412B-B2B6-C70E2A1F2742}"
EndProject
Project("{8BC9CEB8-8B4A-11D0-8D11-00A0C91BC942}") = "Tests", "Tests\Tests.vcxproj", "{B7AD2FA5-E8D0-4236-9A45-3B8C863CD3FC}"
EndProject
Global
	GlobalSection(SolutionConfigurationPlatforms) = preSolution
		Debug|x64 = Debug|x64
		Debug|x86 = Debug|x86
		Release|x64 = Release|x64
		Release|x86 = Release|x86
	EndGlobalSection
	GlobalSection(ProjectConfigurationPlatforms) = postSolution
		{3AC056B2-7FA4-46F0-80F3-83C81496B062}.Debug|x64.ActiveCfg = Debug|x64
		{3AC056B2-7FA4-46F0-80F3-83C81496B062}.Debug|x64.Build.0 = Debug|x64
		{3AC056B2-7FA4-46F0-80F3-83C81496B062}.Debug|x86.ActiveCfg = Debug|Win32
		{3AC056B2-7FA4-46F0-80F3-83C81496B062}.Debug|x86.Build.0 = Debug|Win32
		{3AC056B2-7FA4-46F0-80F3-83C81496B062}.Release|x64.ActiveCfg = Release|x64
		{3AC056B2-7FA4-46F0-80F3-83C81496B062}.Release|x64.Build.0 = Release|x64
		{3AC056B2-7FA4-46F0-80F3-83C81496B062}.Release|x86.ActiveCfg = Release|Win32
		{3AC056B2-7FA4-46F0-80F3-83C81496B062}.Release|x86.Build.0 = Release|Win32
		{AEAE5826-C5B4-40E7-8E28-B9AA22B0B323}.Debug|x64.ActiveCfg = Debug|x64
		{AEAE5826-C5B4-40E7-8E28-B9AA22B0B323}.Debug|x64.Build.0 = Debug|x64
		{AEAE5826-C5B4-40E7-8E28-B9AA22B0B323}.Debug|x86.ActiveCfg = Debug|Win32
		{AEAE5826-C5B4-40E7-8E28-B9AA22B0B323}.Debug|x86.Build.0 = Debug|Win32
		{AEAE5826-C5B4-40E7-8E28-B9AA22B0B323}.Release|x64.ActiveCfg = Release|x64
		{AEAE5826-C5B4-40E7-8E28-B9AA22B0B323}.Release|x64.Build.0 = Release|x64
		{AEAE5826-C5B4-40E7-8E28-B9AA22B0B323}.Release|x86.ActiveCfg = Release|Win32
		{AEAE5826-C5B4-40E7-8E28-B9AA22B0B323}.Release|x86.Build.0 = Release|Win32
		{A92F150D-43EE-45EB-8F32-67CC758BEA06}.Debug|x64.ActiveCfg = Debug|x64
		{A92F150D-43EE-45EB-8F32-67CC758BEA06}.Debug|x64.Build.0 = Debug|x64
		{A92F150D-43EE-45EB-8F32-67CC758BEA06}.Debug|x86.ActiveCfg = Debug|Win32
		{A92F150D-43EE-45EB-8F32-67CC758BEA06}.Debug|x86.Build.0 = Debug|Win32
		{A92F150D-43EE-45EB-8F32-67CC758BEA06}.Release|x64.ActiveCfg = Release|x64
		{A92F150D-43EE-45EB-8F32-67CC758BEA06}.Release|x64.Build.0 = Release|x64
		{A92F150D-43EE-45EB-8F32-67CC758BEA06}.Release|x86.ActiveCfg = Release|Win32
		{A92F150D-43EE-45EB-8F32-67CC758BEA06}.Release|x86.Build.0 = Release|Win32
		{F463C5BE-8CF8-412B-B2B6-C70E2A1F2742}.Debug|x64.ActiveCfg = Debug|x64
		{F463C5BE-8CF8-412B-B2B6-C70E2A1F2742}.Debug|x64.Build.0 = Debug|x64
		{F463C5BE-8CF8-412B-B2B6-C70E2A1F2742}.Debug|x86.ActiveCfg = Debug|Win32
		{F463C5BE-8CF8-412B-B2B6-C70E2A1F2742}.Debug|x86.Build.0 = Debug|Win32
		{F463C5BE-8CF8-412B-B2B6-C70E2A1F2742}.Release|x64.ActiveCfg = Release|x64
		{F463C5BE-8CF8-412B-B2B6-C70E2A1F2742}.Release|x64.Build.0 = Release|x64
		{F463C5BE-8CF8-412B-B2B6-C70E2A1F2742}.Release|x86.ActiveCfg = Release|Win32
		{F463C5BE-8CF8-412B-B2B6-C70E2A1F2742}.Release|x86.Build.0 = Release|Win32
		{B7AD2FA5-E8D0-4236-9A45-3B8C863CD3FC}.Debug|x64.ActiveCfg = Debug|x64
		{B7AD2FA5-E8D0-4236-9A45-3B8C863CD3FC}.Debug|x64.Build.0 = Debug|x64
		{B7AD2FA5-E8D0-4236-9A45-3B8C863CD3FC}.Debug|x86.ActiveCfg = Debug|Win32
		{B7AD2FA5-E8D0-4236-9A45-3B8C863CD3FC}.Debug|x86.Build.0 = Debug|Win32
		{B7AD2FA5-E8D0-4236-9A45-3B8C863CD3FC}.Release|x64.ActiveCfg = Release|x64
		{B7AD2FA5-E8D0-4236-9A45-3B8C863CD3FC}.Release|x64.Build.0 = Release|x64
		{B7AD2FA5-E8D0-4236-9A45-3B8C863CD3FC}.Release|x86.ActiveCfg = Release|Win32
		{B7AD2FA5-E8D0-4236-9A45-3B8C863CD3FC}.Release|x86.Build.0 = Release|Win32
	EndGlobalSection
	GlobalSection(SolutionProperties) = preSolution
		HideSolutionNode = FALSE
	EndGlobalSection
	GlobalSection(ExtensibilityGlobals) = postSolution
		SolutionGuid = {D362DE43-8937-44C7-BEE9-12F7D532C049}
	EndGlobalSection
EndGlobal
