
Microsoft Visual Studio Solution File, Format Version 12.00
# Visual Studio Version 17
VisualStudioVersion = 17.14.36623.8 d17.14
MinimumVisualStudioVersion = 10.0.40219.1
Project("{8BC9CEB8-8B4A-11D0-8D11-00A0C91BC942}") = "App", "App\App.vcxproj", "{DF4FE87C-33EF-495A-A823-E86282527E2C}"
EndProject
Project("{8BC9CEB8-8B4A-11D0-8D11-00A0C91BC942}") = "Sistema", "Sistema\Sistema.vcxproj", "{D97FD022-6D67-4DD9-94AD-E31B0CBC07F8}"
EndProject
Project("{8BC9CEB8-8B4A-11D0-8D11-00A0C91BC942}") = "Utils", "Utils\Utils.vcxproj", "{41D1F6EA-F9FE-4B6C-AB5F-CF68E05240E2}"
EndProject
Global
	GlobalSection(SolutionConfigurationPlatforms) = preSolution
		Debug|x64 = Debug|x64
		Debug|x86 = Debug|x86
		Release|x64 = Release|x64
		Release|x86 = Release|x86
	EndGlobalSection
	GlobalSection(ProjectConfigurationPlatforms) = postSolution
		{DF4FE87C-33EF-495A-A823-E86282527E2C}.Debug|x64.ActiveCfg = Debug|x64
		{DF4FE87C-33EF-495A-A823-E86282527E2C}.Debug|x64.Build.0 = Debug|x64
		{DF4FE87C-33EF-495A-A823-E86282527E2C}.Debug|x86.ActiveCfg = Debug|Win32
		{DF4FE87C-33EF-495A-A823-E86282527E2C}.Debug|x86.Build.0 = Debug|Win32
		{DF4FE87C-33EF-495A-A823-E86282527E2C}.Release|x64.ActiveCfg = Release|x64
		{DF4FE87C-33EF-495A-A823-E86282527E2C}.Release|x64.Build.0 = Release|x64
		{DF4FE87C-33EF-495A-A823-E86282527E2C}.Release|x86.ActiveCfg = Release|Win32
		{DF4FE87C-33EF-495A-A823-E86282527E2C}.Release|x86.Build.0 = Release|Win32
		{D97FD022-6D67-4DD9-94AD-E31B0CBC07F8}.Debug|x64.ActiveCfg = Debug|x64
		{D97FD022-6D67-4DD9-94AD-E31B0CBC07F8}.Debug|x64.Build.0 = Debug|x64
		{D97FD022-6D67-4DD9-94AD-E31B0CBC07F8}.Debug|x86.ActiveCfg = Debug|Win32
		{D97FD022-6D67-4DD9-94AD-E31B0CBC07F8}.Debug|x86.Build.0 = Debug|Win32
		{D97FD022-6D67-4DD9-94AD-E31B0CBC07F8}.Release|x64.ActiveCfg = Release|x64
		{D97FD022-6D67-4DD9-94AD-E31B0CBC07F8}.Release|x64.Build.0 = Release|x64
		{D97FD022-6D67-4DD9-94AD-E31B0CBC07F8}.Release|x86.ActiveCfg = Release|Win32
		{D97FD022-6D67-4DD9-94AD-E31B0CBC07F8}.Release|x86.Build.0 = Release|Win32
		{41D1F6EA-F9FE-4B6C-AB5F-CF68E05240E2}.Debug|x64.ActiveCfg = Debug|x64
		{41D1F6EA-F9FE-4B6C-AB5F-CF68E05240E2}.Debug|x64.Build.0 = Debug|x64
		{41D1F6EA-F9FE-4B6C-AB5F-CF68E05240E2}.Debug|x86.ActiveCfg = Debug|Win32
		{41D1F6EA-F9FE-4B6C-AB5F-CF68E05240E2}.Debug|x86.Build.0 = Debug|Win32
		{41D1F6EA-F9FE-4B6C-AB5F-CF68E05240E2}.Release|x64.ActiveCfg = Release|x64
		{41D1F6EA-F9FE-4B6C-AB5F-CF68E05240E2}.Release|x64.Build.0 = Release|x64
		{41D1F6EA-F9FE-4B6C-AB5F-CF68E05240E2}.Release|x86.ActiveCfg = Release|Win32
		{41D1F6EA-F9FE-4B6C-AB5F-CF68E05240E2}.Release|x86.Build.0 = Release|Win32
	EndGlobalSection
	GlobalSection(SolutionProperties) = preSolution
		HideSolutionNode = FALSE
	EndGlobalSection
	GlobalSection(ExtensibilityGlobals) = postSolution
		SolutionGuid = {55CFD7ED-B469-4BDD-A924-0D791416D8F2}
	EndGlobalSection
EndGlobal
