
Microsoft Visual Studio Solution File, Format Version 12.00
# Visual Studio Version 17
VisualStudioVersion = 17.14.36623.8 d17.14
MinimumVisualStudioVersion = 10.0.40219.1
Project("{8BC9CEB8-8B4A-11D0-8D11-00A0C91BC942}") = "App", "App\App.vcxproj", "{39741CE3-9C39-4C20-91DB-208B84414340}"
EndProject
Project("{8BC9CEB8-8B4A-11D0-8D11-00A0C91BC942}") = "Relacionamento", "Relacionamento\Relacionamento.vcxproj", "{CFC62490-10C1-4E82-BA61-DBC9566D9EEB}"
EndProject
Global
	GlobalSection(SolutionConfigurationPlatforms) = preSolution
		Debug|x64 = Debug|x64
		Debug|x86 = Debug|x86
		Release|x64 = Release|x64
		Release|x86 = Release|x86
	EndGlobalSection
	GlobalSection(ProjectConfigurationPlatforms) = postSolution
		{39741CE3-9C39-4C20-91DB-208B84414340}.Debug|x64.ActiveCfg = Debug|x64
		{39741CE3-9C39-4C20-91DB-208B84414340}.Debug|x64.Build.0 = Debug|x64
		{39741CE3-9C39-4C20-91DB-208B84414340}.Debug|x86.ActiveCfg = Debug|Win32
		{39741CE3-9C39-4C20-91DB-208B84414340}.Debug|x86.Build.0 = Debug|Win32
		{39741CE3-9C39-4C20-91DB-208B84414340}.Release|x64.ActiveCfg = Release|x64
		{39741CE3-9C39-4C20-91DB-208B84414340}.Release|x64.Build.0 = Release|x64
		{39741CE3-9C39-4C20-91DB-208B84414340}.Release|x86.ActiveCfg = Release|Win32
		{39741CE3-9C39-4C20-91DB-208B84414340}.Release|x86.Build.0 = Release|Win32
		{CFC62490-10C1-4E82-BA61-DBC9566D9EEB}.Debug|x64.ActiveCfg = Debug|x64
		{CFC62490-10C1-4E82-BA61-DBC9566D9EEB}.Debug|x64.Build.0 = Debug|x64
		{CFC62490-10C1-4E82-BA61-DBC9566D9EEB}.Debug|x86.ActiveCfg = Debug|Win32
		{CFC62490-10C1-4E82-BA61-DBC9566D9EEB}.Debug|x86.Build.0 = Debug|Win32
		{CFC62490-10C1-4E82-BA61-DBC9566D9EEB}.Release|x64.ActiveCfg = Release|x64
		{CFC62490-10C1-4E82-BA61-DBC9566D9EEB}.Release|x64.Build.0 = Release|x64
		{CFC62490-10C1-4E82-BA61-DBC9566D9EEB}.Release|x86.ActiveCfg = Release|Win32
		{CFC62490-10C1-4E82-BA61-DBC9566D9EEB}.Release|x86.Build.0 = Release|Win32
	EndGlobalSection
	GlobalSection(SolutionProperties) = preSolution
		HideSolutionNode = FALSE
	EndGlobalSection
	GlobalSection(ExtensibilityGlobals) = postSolution
		SolutionGuid = {CE7F9B61-02CF-4DA3-A225-43C4B66E5D71}
	EndGlobalSection
EndGlobal
